
Microsoft Visual Studio Solution File, Format Version 12.00
# Visual Studio Version 17
VisualStudioVersion = 17.3.32901.215
MinimumVisualStudioVersion = 10.0.40219.1
Project("{FAE04EC0-301F-11D3-BF4B-00C04F79EFBC}") = "StaffData", "StaffData\StaffData.csproj", "{5968B0C3-1F3C-4721-819C-46920EB46643}"
EndProject
Global
	GlobalSection(SolutionConfigurationPlatforms) = preSolution
		Debug|Any CPU = Debug|Any CPU
		Release|Any CPU = Release|Any CPU
	EndGlobalSection
	GlobalSection(ProjectConfigurationPlatforms) = postSolution
		{5968B0C3-1F3C-4721-819C-46920EB46643}.Debug|Any CPU.ActiveCfg = Debug|Any CPU
		{5968B0C3-1F3C-4721-819C-46920EB46643}.Debug|Any CPU.Build.0 = Debug|Any CPU
		{5968B0C3-1F3C-4721-819C-46920EB46643}.Release|Any CPU.ActiveCfg = Release|Any CPU
		{5968B0C3-1F3C-4721-819C-46920EB46643}.Release|Any CPU.Build.0 = Release|Any CPU
	EndGlobalSection
	GlobalSection(SolutionProperties) = preSolution
		HideSolutionNode = FALSE
	EndGlobalSection
	GlobalSection(ExtensibilityGlobals) = postSolution
		SolutionGuid = {BF30D658-3072-4F63-AA9E-DD08355588A3}
	EndGlobalSection
EndGlobal
